
Microsoft Visual Studio Solution File, Format Version 12.00
# Visual Studio Version 17
VisualStudioVersion = 17.11.35327.3
MinimumVisualStudioVersion = 10.0.40219.1
Project("{9A19103F-16F7-4668-BE54-9A1E7A4F7556}") = "YouMove.Api", "YouMove.Api\YouMove.Api.csproj", "{9C6FF9CE-2103-42E3-B1B8-2377877B86F4}"
EndProject
Project("{FAE04EC0-301F-11D3-BF4B-00C04F79EFBC}") = "YouMove.Data", "YouMove.Data\YouMove.Data.csproj", "{09EF310D-E767-4DB4-AE68-11A7BCCED95D}"
EndProject
Project("{FAE04EC0-301F-11D3-BF4B-00C04F79EFBC}") = "YouMove.Business", "YouMove.Business\YouMove.Business.csproj", "{4F31817D-777F-4C35-BB8D-665207039B69}"
EndProject
Global
	GlobalSection(SolutionConfigurationPlatforms) = preSolution
		Debug|Any CPU = Debug|Any CPU
		Release|Any CPU = Release|Any CPU
	EndGlobalSection
	GlobalSection(ProjectConfigurationPlatforms) = postSolution
		{9C6FF9CE-2103-42E3-B1B8-2377877B86F4}.Debug|Any CPU.ActiveCfg = Debug|Any CPU
		{9C6FF9CE-2103-42E3-B1B8-2377877B86F4}.Debug|Any CPU.Build.0 = Debug|Any CPU
		{9C6FF9CE-2103-42E3-B1B8-2377877B86F4}.Release|Any CPU.ActiveCfg = Release|Any CPU
		{9C6FF9CE-2103-42E3-B1B8-2377877B86F4}.Release|Any CPU.Build.0 = Release|Any CPU
		{09EF310D-E767-4DB4-AE68-11A7BCCED95D}.Debug|Any CPU.ActiveCfg = Debug|Any CPU
		{09EF310D-E767-4DB4-AE68-11A7BCCED95D}.Debug|Any CPU.Build.0 = Debug|Any CPU
		{09EF310D-E767-4DB4-AE68-11A7BCCED95D}.Release|Any CPU.ActiveCfg = Release|Any CPU
		{09EF310D-E767-4DB4-AE68-11A7BCCED95D}.Release|Any CPU.Build.0 = Release|Any CPU
		{4F31817D-777F-4C35-BB8D-665207039B69}.Debug|Any CPU.ActiveCfg = Debug|Any CPU
		{4F31817D-777F-4C35-BB8D-665207039B69}.Debug|Any CPU.Build.0 = Debug|Any CPU
		{4F31817D-777F-4C35-BB8D-665207039B69}.Release|Any CPU.ActiveCfg = Release|Any CPU
		{4F31817D-777F-4C35-BB8D-665207039B69}.Release|Any CPU.Build.0 = Release|Any CPU
	EndGlobalSection
	GlobalSection(SolutionProperties) = preSolution
		HideSolutionNode = FALSE
	EndGlobalSection
	GlobalSection(ExtensibilityGlobals) = postSolution
		SolutionGuid = {4CB402BD-EB2B-48BC-93CB-7BDBB77DA09C}
	EndGlobalSection
EndGlobal
